
Microsoft Visual Studio Solution File, Format Version 12.00
# Visual Studio Version 17
VisualStudioVersion = 17.0.31903.59
MinimumVisualStudioVersion = 10.0.40219.1
Project("{2150E333-8FDC-42A3-9474-1A3956D46DE8}") = "src", "src", "{794F079A-E9AB-4B72-BAD2-9F4A03C33109}"
EndProject
Project("{FAE04EC0-301F-11D3-BF4B-00C04F79EFBC}") = "IdentityServer", "src\IdentityServer\IdentityServer.csproj", "{7029E3D1-BD9D-4453-B681-E51D51E3F260}"
EndProject
Global
	GlobalSection(SolutionConfigurationPlatforms) = preSolution
		Debug|Any CPU = Debug|Any CPU
		Release|Any CPU = Release|Any CPU
	EndGlobalSection
	GlobalSection(SolutionProperties) = preSolution
		HideSolutionNode = FALSE
	EndGlobalSection
	GlobalSection(ProjectConfigurationPlatforms) = postSolution
		{7029E3D1-BD9D-4453-B681-E51D51E3F260}.Debug|Any CPU.ActiveCfg = Debug|Any CPU
		{7029E3D1-BD9D-4453-B681-E51D51E3F260}.Debug|Any CPU.Build.0 = Debug|Any CPU
		{7029E3D1-BD9D-4453-B681-E51D51E3F260}.Release|Any CPU.ActiveCfg = Release|Any CPU
		{7029E3D1-BD9D-4453-B681-E51D51E3F260}.Release|Any CPU.Build.0 = Release|Any CPU
	EndGlobalSection
	GlobalSection(NestedProjects) = preSolution
		{7029E3D1-BD9D-4453-B681-E51D51E3F260} = {794F079A-E9AB-4B72-BAD2-9F4A03C33109}
	EndGlobalSection
EndGlobal
